
Microsoft Visual Studio Solution File, Format Version 12.00
# Visual Studio Version 16
VisualStudioVersion = 16.0.29926.136
MinimumVisualStudioVersion = 10.0.40219.1
Project("{FAE04EC0-301F-11D3-BF4B-00C04F79EFBC}") = "TpBaseDeDatosGrafica", "TpBaseDeDatosGrafica.csproj", "{8CB90CC3-8A91-4AB6-AA52-2DD9E72CEDDE}"
EndProject
Global
	GlobalSection(SolutionConfigurationPlatforms) = preSolution
		Debug|Any CPU = Debug|Any CPU
		Release|Any CPU = Release|Any CPU
	EndGlobalSection
	GlobalSection(ProjectConfigurationPlatforms) = postSolution
		{8CB90CC3-8A91-4AB6-AA52-2DD9E72CEDDE}.Debug|Any CPU.ActiveCfg = Debug|Any CPU
		{8CB90CC3-8A91-4AB6-AA52-2DD9E72CEDDE}.Debug|Any CPU.Build.0 = Debug|Any CPU
		{8CB90CC3-8A91-4AB6-AA52-2DD9E72CEDDE}.Release|Any CPU.ActiveCfg = Release|Any CPU
		{8CB90CC3-8A91-4AB6-AA52-2DD9E72CEDDE}.Release|Any CPU.Build.0 = Release|Any CPU
	EndGlobalSection
	GlobalSection(SolutionProperties) = preSolution
		HideSolutionNode = FALSE
	EndGlobalSection
	GlobalSection(ExtensibilityGlobals) = postSolution
		SolutionGuid = {B06C81E4-BDB9-4989-9715-A39910916C9C}
	EndGlobalSection
EndGlobal
